
Microsoft Visual Studio Solution File, Format Version 12.00
# Visual Studio Version 16
VisualStudioVersion = 16.0.30804.86
MinimumVisualStudioVersion = 10.0.40219.1
Project("{FAE04EC0-301F-11D3-BF4B-00C04F79EFBC}") = "FirstConsoleApp_125", "FirstConsoleApp_125.csproj", "{DAB4146D-BBE6-487F-9F5F-42002547A5C6}"
EndProject
Global
	GlobalSection(SolutionConfigurationPlatforms) = preSolution
		Debug|Any CPU = Debug|Any CPU
		Release|Any CPU = Release|Any CPU
	EndGlobalSection
	GlobalSection(ProjectConfigurationPlatforms) = postSolution
		{DAB4146D-BBE6-487F-9F5F-42002547A5C6}.Debug|Any CPU.ActiveCfg = Debug|Any CPU
		{DAB4146D-BBE6-487F-9F5F-42002547A5C6}.Debug|Any CPU.Build.0 = Debug|Any CPU
		{DAB4146D-BBE6-487F-9F5F-42002547A5C6}.Release|Any CPU.ActiveCfg = Release|Any CPU
		{DAB4146D-BBE6-487F-9F5F-42002547A5C6}.Release|Any CPU.Build.0 = Release|Any CPU
	EndGlobalSection
	GlobalSection(SolutionProperties) = preSolution
		HideSolutionNode = FALSE
	EndGlobalSection
	GlobalSection(ExtensibilityGlobals) = postSolution
		SolutionGuid = {7C9BB9D2-10E0-4C0C-9328-3F4CD1F29782}
	EndGlobalSection
EndGlobal
